Microsoft Visual Studio Solution File, Format Version 12.00
# Visual Studio Version 17
VisualStudioVersion = 17.5.2.0
MinimumVisualStudioVersion = 10.0.40219.1
Project("{2150E333-8FDC-42A3-9474-1A3956D46DE8}") = "mcp-fabric", "mcp-fabric", "{D2AA6BFF-2FF9-E668-C439-062A6A8AE316}"
EndProject
Project("{2150E333-8FDC-42A3-9474-1A3956D46DE8}") = "src", "src", "{BC109816-DD27-69F2-31AA-24C4D488DA2C}"
EndProject
Project("{FAE04EC0-301F-11D3-BF4B-00C04F79EFBC}") = "SemanticModelMcpServer", "mcp-fabric\src\SemanticModelMcpServer\SemanticModelMcpServer.csproj", "{EA2E6774-24CA-23AE-6743-EDAA90E37454}"
EndProject
Project("{FAE04EC0-301F-11D3-BF4B-00C04F79EFBC}") = "SemanticModelMcpServer.Tests", "mcp-fabric\src\SemanticModelMcpServer.Tests\SemanticModelMcpServer.Tests.csproj", "{2066F076-D9A5-FDB8-4FE4-DD4047ECA231}"
EndProject
Global
	GlobalSection(SolutionConfigurationPlatforms) = preSolution
		Debug|Any CPU = Debug|Any CPU
		Release|Any CPU = Release|Any CPU
	EndGlobalSection
	GlobalSection(ProjectConfigurationPlatforms) = postSolution
		{EA2E6774-24CA-23AE-6743-EDAA90E37454}.Debug|Any CPU.ActiveCfg = Debug|Any CPU
		{EA2E6774-24CA-23AE-6743-EDAA90E37454}.Debug|Any CPU.Build.0 = Debug|Any CPU
		{EA2E6774-24CA-23AE-6743-EDAA90E37454}.Release|Any CPU.ActiveCfg = Release|Any CPU
		{EA2E6774-24CA-23AE-6743-EDAA90E37454}.Release|Any CPU.Build.0 = Release|Any CPU
		{2066F076-D9A5-FDB8-4FE4-DD4047ECA231}.Debug|Any CPU.ActiveCfg = Debug|Any CPU
		{2066F076-D9A5-FDB8-4FE4-DD4047ECA231}.Debug|Any CPU.Build.0 = Debug|Any CPU
		{2066F076-D9A5-FDB8-4FE4-DD4047ECA231}.Release|Any CPU.ActiveCfg = Release|Any CPU
		{2066F076-D9A5-FDB8-4FE4-DD4047ECA231}.Release|Any CPU.Build.0 = Release|Any CPU
	EndGlobalSection
	GlobalSection(SolutionProperties) = preSolution
		HideSolutionNode = FALSE
	EndGlobalSection	GlobalSection(NestedProjects) = preSolution
		{BC109816-DD27-69F2-31AA-24C4D488DA2C} = {D2AA6BFF-2FF9-E668-C439-062A6A8AE316}
		{EA2E6774-24CA-23AE-6743-EDAA90E37454} = {BC109816-DD27-69F2-31AA-24C4D488DA2C}
		{2066F076-D9A5-FDB8-4FE4-DD4047ECA231} = {BC109816-DD27-69F2-31AA-24C4D488DA2C}
	EndGlobalSection
	GlobalSection(ExtensibilityGlobals) = postSolution
		SolutionGuid = {8481841C-34B8-4176-B543-1B9B8F31C836}
	EndGlobalSection
EndGlobal
